
Microsoft Visual Studio Solution File, Format Version 12.00
# Visual Studio Version 17
VisualStudioVersion = 17.0.31903.59
MinimumVisualStudioVersion = 10.0.40219.1
Project("{FAE04EC0-301F-11D3-BF4B-00C04F79EFBC}") = "pos", "UI\pos.csproj", "{F2073FF9-CFBD-4870-91E4-191E0049C5DD}"
EndProject
Project("{FAE04EC0-301F-11D3-BF4B-00C04F79EFBC}") = "services-app-pos", "services-app-pos\services-app-pos.csproj", "{BCE67F34-DD02-4CA4-B953-B27C630CB43D}"
EndProject
Project("{54435603-DBB4-11D2-8724-00A0C9A8B90C}") = "ServerPOS", "ServerPOS\ServerPOS.vdproj", "{0FD5DB52-799A-5060-112E-2D1440E455D1}"
EndProject
Project("{54435603-DBB4-11D2-8724-00A0C9A8B90C}") = "ClientPOS", "ClientPOS\ClientPOS.vdproj", "{5E71D38D-1A30-75F4-FB99-89F0B4296201}"
EndProject
Global
	GlobalSection(SolutionConfigurationPlatforms) = preSolution
		Debug|Any CPU = Debug|Any CPU
		Debug|x64 = Debug|x64
		Release|Any CPU = Release|Any CPU
		Release|x64 = Release|x64
	EndGlobalSection
	GlobalSection(ProjectConfigurationPlatforms) = postSolution
		{F2073FF9-CFBD-4870-91E4-191E0049C5DD}.Debug|Any CPU.ActiveCfg = Debug|Any CPU
		{F2073FF9-CFBD-4870-91E4-191E0049C5DD}.Debug|Any CPU.Build.0 = Debug|Any CPU
		{F2073FF9-CFBD-4870-91E4-191E0049C5DD}.Debug|x64.ActiveCfg = Debug|x64
		{F2073FF9-CFBD-4870-91E4-191E0049C5DD}.Debug|x64.Build.0 = Debug|x64
		{F2073FF9-CFBD-4870-91E4-191E0049C5DD}.Release|Any CPU.ActiveCfg = Release|Any CPU
		{F2073FF9-CFBD-4870-91E4-191E0049C5DD}.Release|Any CPU.Build.0 = Release|Any CPU
		{F2073FF9-CFBD-4870-91E4-191E0049C5DD}.Release|x64.ActiveCfg = Release|x64
		{F2073FF9-CFBD-4870-91E4-191E0049C5DD}.Release|x64.Build.0 = Release|x64
		{BCE67F34-DD02-4CA4-B953-B27C630CB43D}.Debug|Any CPU.ActiveCfg = Debug|Any CPU
		{BCE67F34-DD02-4CA4-B953-B27C630CB43D}.Debug|Any CPU.Build.0 = Debug|Any CPU
		{BCE67F34-DD02-4CA4-B953-B27C630CB43D}.Debug|x64.ActiveCfg = Debug|x64
		{BCE67F34-DD02-4CA4-B953-B27C630CB43D}.Debug|x64.Build.0 = Debug|x64
		{BCE67F34-DD02-4CA4-B953-B27C630CB43D}.Release|Any CPU.ActiveCfg = Release|Any CPU
		{BCE67F34-DD02-4CA4-B953-B27C630CB43D}.Release|Any CPU.Build.0 = Release|Any CPU
		{BCE67F34-DD02-4CA4-B953-B27C630CB43D}.Release|x64.ActiveCfg = Release|x64
		{BCE67F34-DD02-4CA4-B953-B27C630CB43D}.Release|x64.Build.0 = Release|x64
		{0FD5DB52-799A-5060-112E-2D1440E455D1}.Debug|Any CPU.ActiveCfg = Debug
		{0FD5DB52-799A-5060-112E-2D1440E455D1}.Debug|x64.ActiveCfg = Debug
		{0FD5DB52-799A-5060-112E-2D1440E455D1}.Debug|x64.Build.0 = Debug
		{0FD5DB52-799A-5060-112E-2D1440E455D1}.Release|Any CPU.ActiveCfg = Release
		{0FD5DB52-799A-5060-112E-2D1440E455D1}.Release|x64.ActiveCfg = Release
		{0FD5DB52-799A-5060-112E-2D1440E455D1}.Release|x64.Build.0 = Release
		{5E71D38D-1A30-75F4-FB99-89F0B4296201}.Debug|Any CPU.ActiveCfg = Debug
		{5E71D38D-1A30-75F4-FB99-89F0B4296201}.Debug|x64.ActiveCfg = Debug
		{5E71D38D-1A30-75F4-FB99-89F0B4296201}.Release|Any CPU.ActiveCfg = Release
		{5E71D38D-1A30-75F4-FB99-89F0B4296201}.Release|x64.ActiveCfg = Release
	EndGlobalSection
	GlobalSection(SolutionProperties) = preSolution
		HideSolutionNode = FALSE
	EndGlobalSection
	GlobalSection(ExtensibilityGlobals) = postSolution
		SolutionGuid = {495C818B-DDD2-40B0-AECC-8D7EDB1B1013}
	EndGlobalSection
EndGlobal
